
Microsoft Visual Studio Solution File, Format Version 12.00
# Visual Studio Version 16
VisualStudioVersion = 16.0.33027.164
MinimumVisualStudioVersion = 10.0.40219.1
Project("{FAE04EC0-301F-11D3-BF4B-00C04F79EFBC}") = "PeerProgramming_Project", "PeerProgramming_Project\PeerProgramming_Project.csproj", "{9D633C72-9534-4C71-89D7-E68DE59A0E33}"
EndProject
Global
	GlobalSection(SolutionConfigurationPlatforms) = preSolution
		Debug|Any CPU = Debug|Any CPU
		Release|Any CPU = Release|Any CPU
	EndGlobalSection
	GlobalSection(ProjectConfigurationPlatforms) = postSolution
		{9D633C72-9534-4C71-89D7-E68DE59A0E33}.Debug|Any CPU.ActiveCfg = Debug|Any CPU
		{9D633C72-9534-4C71-89D7-E68DE59A0E33}.Debug|Any CPU.Build.0 = Debug|Any CPU
		{9D633C72-9534-4C71-89D7-E68DE59A0E33}.Release|Any CPU.ActiveCfg = Release|Any CPU
		{9D633C72-9534-4C71-89D7-E68DE59A0E33}.Release|Any CPU.Build.0 = Release|Any CPU
	EndGlobalSection
	GlobalSection(SolutionProperties) = preSolution
		HideSolutionNode = FALSE
	EndGlobalSection
	GlobalSection(ExtensibilityGlobals) = postSolution
		SolutionGuid = {FFF22C70-B360-41C1-AC28-C2221AEBA211}
	EndGlobalSection
EndGlobal
